{
  "version": 4,
  "terraform_version": "1.9.8",
  "serial": 4,
  "lineage": "bf6705eb-125f-7f9e-525b-e890f5089138",
  "outputs": {},
  "resources": [
    {
      "mode": "managed",
      "type": "aws_iam_policy_attachment",
      "name": "attach_admin",
      "provider": "provider[\"registry.terraform.io/hashicorp/aws\"]",
      "instances": [
        {
          "schema_version": 0,
          "attributes": {
            "groups": [
              "Admin",
              "AwsAdminAccess",
              "Developers",
              "MyKMSGroup"
            ],
            "id": "admin-attach",
            "name": "admin-attach",
            "policy_arn": "arn:aws:iam::aws:policy/AdministratorAccess",
            "roles": [
              "EC2-Admin",
              "MyEC2Role"
            ],
            "users": [
              "terraform-user"
            ]
          },
          "sensitive_attributes": [],
          "private": "bnVsbA==",
          "dependencies": [
            "aws_iam_user.terraform_user"
          ]
        }
      ]
    },
    {
      "mode": "managed",
      "type": "aws_iam_user",
      "name": "terraform_user",
      "provider": "provider[\"registry.terraform.io/hashicorp/aws\"]",
      "instances": [
        {
          "schema_version": 0,
          "attributes": {
            "arn": "arn:aws:iam::890443400391:user/terraform-user",
            "force_destroy": false,
            "id": "terraform-user",
            "name": "terraform-user",
            "path": "/",
            "permissions_boundary": "",
            "tags": null,
            "tags_all": {},
            "unique_id": "AIDA46UUQATD375IN3CYL"
          },
          "sensitive_attributes": [],
          "private": "bnVsbA=="
        }
      ]
    }
  ],
  "check_results": null
}
